
Microsoft Visual Studio Solution File, Format Version 12.00
# Visual Studio 14
VisualStudioVersion = 14.0.25420.1
MinimumVisualStudioVersion = 10.0.40219.1
Project("{FAE04EC0-301F-11D3-BF4B-00C04F79EFBC}") = "IsucorpTest.BLL", "IsucorpTest.BLL\IsucorpTest.BLL.csproj", "{67EBE8B3-EEB2-4668-995A-F04E28C41252}"
EndProject
Project("{FAE04EC0-301F-11D3-BF4B-00C04F79EFBC}") = "IsucorpTest.Core", "IsucorpTest.Core\IsucorpTest.Core.csproj", "{5A287CC6-C12A-41BC-A25C-B65A4B4A71D8}"
EndProject
Project("{FAE04EC0-301F-11D3-BF4B-00C04F79EFBC}") = "IsucorpTest.DAL", "IsucorpTest.DAL\IsucorpTest.DAL.csproj", "{81C0C6D7-B21E-4F5A-8632-7C1B6E0AD30B}"
EndProject
Project("{FAE04EC0-301F-11D3-BF4B-00C04F79EFBC}") = "IsucorpTest.Model", "IsucorpTest.Model\IsucorpTest.Model.csproj", "{CEF65A03-7032-4691-B446-859849918E91}"
EndProject
Project("{FAE04EC0-301F-11D3-BF4B-00C04F79EFBC}") = "IsucorpTest.Web", "IsucorpTest.Web\IsucorpTest.Web.csproj", "{1589C9E7-4D97-470D-9C55-46C42EEC4070}"
EndProject
Project("{FAE04EC0-301F-11D3-BF4B-00C04F79EFBC}") = "IsucorpTest.Language", "IsucorpTest.Language\IsucorpTest.Language.csproj", "{CBCB4829-B1CD-4FD5-90AC-3716CC9E008D}"
EndProject
Project("{FAE04EC0-301F-11D3-BF4B-00C04F79EFBC}") = "IsucorpTest.ViewModel", "IsucorpTest.ViewModel\IsucorpTest.ViewModel.csproj", "{C99FC472-982B-4000-9BAD-47E6CF5F85BE}"
EndProject
Global
	GlobalSection(SolutionConfigurationPlatforms) = preSolution
		Debug|Any CPU = Debug|Any CPU
		Local|Any CPU = Local|Any CPU
		Release|Any CPU = Release|Any CPU
		Staging|Any CPU = Staging|Any CPU
	EndGlobalSection
	GlobalSection(ProjectConfigurationPlatforms) = postSolution
		{67EBE8B3-EEB2-4668-995A-F04E28C41252}.Debug|Any CPU.ActiveCfg = Debug|Any CPU
		{67EBE8B3-EEB2-4668-995A-F04E28C41252}.Debug|Any CPU.Build.0 = Debug|Any CPU
		{67EBE8B3-EEB2-4668-995A-F04E28C41252}.Local|Any CPU.ActiveCfg = Local|Any CPU
		{67EBE8B3-EEB2-4668-995A-F04E28C41252}.Local|Any CPU.Build.0 = Local|Any CPU
		{67EBE8B3-EEB2-4668-995A-F04E28C41252}.Release|Any CPU.ActiveCfg = Release|Any CPU
		{67EBE8B3-EEB2-4668-995A-F04E28C41252}.Release|Any CPU.Build.0 = Release|Any CPU
		{67EBE8B3-EEB2-4668-995A-F04E28C41252}.Staging|Any CPU.ActiveCfg = Staging|Any CPU
		{67EBE8B3-EEB2-4668-995A-F04E28C41252}.Staging|Any CPU.Build.0 = Staging|Any CPU
		{5A287CC6-C12A-41BC-A25C-B65A4B4A71D8}.Debug|Any CPU.ActiveCfg = Debug|Any CPU
		{5A287CC6-C12A-41BC-A25C-B65A4B4A71D8}.Debug|Any CPU.Build.0 = Debug|Any CPU
		{5A287CC6-C12A-41BC-A25C-B65A4B4A71D8}.Local|Any CPU.ActiveCfg = Local|Any CPU
		{5A287CC6-C12A-41BC-A25C-B65A4B4A71D8}.Local|Any CPU.Build.0 = Local|Any CPU
		{5A287CC6-C12A-41BC-A25C-B65A4B4A71D8}.Release|Any CPU.ActiveCfg = Release|Any CPU
		{5A287CC6-C12A-41BC-A25C-B65A4B4A71D8}.Release|Any CPU.Build.0 = Release|Any CPU
		{5A287CC6-C12A-41BC-A25C-B65A4B4A71D8}.Staging|Any CPU.ActiveCfg = Staging|Any CPU
		{5A287CC6-C12A-41BC-A25C-B65A4B4A71D8}.Staging|Any CPU.Build.0 = Staging|Any CPU
		{81C0C6D7-B21E-4F5A-8632-7C1B6E0AD30B}.Debug|Any CPU.ActiveCfg = Debug|Any CPU
		{81C0C6D7-B21E-4F5A-8632-7C1B6E0AD30B}.Debug|Any CPU.Build.0 = Debug|Any CPU
		{81C0C6D7-B21E-4F5A-8632-7C1B6E0AD30B}.Local|Any CPU.ActiveCfg = Local|Any CPU
		{81C0C6D7-B21E-4F5A-8632-7C1B6E0AD30B}.Local|Any CPU.Build.0 = Local|Any CPU
		{81C0C6D7-B21E-4F5A-8632-7C1B6E0AD30B}.Release|Any CPU.ActiveCfg = Release|Any CPU
		{81C0C6D7-B21E-4F5A-8632-7C1B6E0AD30B}.Release|Any CPU.Build.0 = Release|Any CPU
		{81C0C6D7-B21E-4F5A-8632-7C1B6E0AD30B}.Staging|Any CPU.ActiveCfg = Staging|Any CPU
		{81C0C6D7-B21E-4F5A-8632-7C1B6E0AD30B}.Staging|Any CPU.Build.0 = Staging|Any CPU
		{CEF65A03-7032-4691-B446-859849918E91}.Debug|Any CPU.ActiveCfg = Debug|Any CPU
		{CEF65A03-7032-4691-B446-859849918E91}.Debug|Any CPU.Build.0 = Debug|Any CPU
		{CEF65A03-7032-4691-B446-859849918E91}.Local|Any CPU.ActiveCfg = Local|Any CPU
		{CEF65A03-7032-4691-B446-859849918E91}.Local|Any CPU.Build.0 = Local|Any CPU
		{CEF65A03-7032-4691-B446-859849918E91}.Release|Any CPU.ActiveCfg = Release|Any CPU
		{CEF65A03-7032-4691-B446-859849918E91}.Release|Any CPU.Build.0 = Release|Any CPU
		{CEF65A03-7032-4691-B446-859849918E91}.Staging|Any CPU.ActiveCfg = Staging|Any CPU
		{CEF65A03-7032-4691-B446-859849918E91}.Staging|Any CPU.Build.0 = Staging|Any CPU
		{1589C9E7-4D97-470D-9C55-46C42EEC4070}.Debug|Any CPU.ActiveCfg = Debug|Any CPU
		{1589C9E7-4D97-470D-9C55-46C42EEC4070}.Debug|Any CPU.Build.0 = Debug|Any CPU
		{1589C9E7-4D97-470D-9C55-46C42EEC4070}.Local|Any CPU.ActiveCfg = Release|Any CPU
		{1589C9E7-4D97-470D-9C55-46C42EEC4070}.Local|Any CPU.Build.0 = Release|Any CPU
		{1589C9E7-4D97-470D-9C55-46C42EEC4070}.Release|Any CPU.ActiveCfg = Release|Any CPU
		{1589C9E7-4D97-470D-9C55-46C42EEC4070}.Release|Any CPU.Build.0 = Release|Any CPU
		{1589C9E7-4D97-470D-9C55-46C42EEC4070}.Staging|Any CPU.ActiveCfg = Release|Any CPU
		{1589C9E7-4D97-470D-9C55-46C42EEC4070}.Staging|Any CPU.Build.0 = Release|Any CPU
		{CBCB4829-B1CD-4FD5-90AC-3716CC9E008D}.Debug|Any CPU.ActiveCfg = Debug|Any CPU
		{CBCB4829-B1CD-4FD5-90AC-3716CC9E008D}.Debug|Any CPU.Build.0 = Debug|Any CPU
		{CBCB4829-B1CD-4FD5-90AC-3716CC9E008D}.Local|Any CPU.ActiveCfg = Release|Any CPU
		{CBCB4829-B1CD-4FD5-90AC-3716CC9E008D}.Local|Any CPU.Build.0 = Release|Any CPU
		{CBCB4829-B1CD-4FD5-90AC-3716CC9E008D}.Release|Any CPU.ActiveCfg = Release|Any CPU
		{CBCB4829-B1CD-4FD5-90AC-3716CC9E008D}.Release|Any CPU.Build.0 = Release|Any CPU
		{CBCB4829-B1CD-4FD5-90AC-3716CC9E008D}.Staging|Any CPU.ActiveCfg = Release|Any CPU
		{CBCB4829-B1CD-4FD5-90AC-3716CC9E008D}.Staging|Any CPU.Build.0 = Release|Any CPU
		{C99FC472-982B-4000-9BAD-47E6CF5F85BE}.Debug|Any CPU.ActiveCfg = Debug|Any CPU
		{C99FC472-982B-4000-9BAD-47E6CF5F85BE}.Debug|Any CPU.Build.0 = Debug|Any CPU
		{C99FC472-982B-4000-9BAD-47E6CF5F85BE}.Local|Any CPU.ActiveCfg = Release|Any CPU
		{C99FC472-982B-4000-9BAD-47E6CF5F85BE}.Local|Any CPU.Build.0 = Release|Any CPU
		{C99FC472-982B-4000-9BAD-47E6CF5F85BE}.Release|Any CPU.ActiveCfg = Release|Any CPU
		{C99FC472-982B-4000-9BAD-47E6CF5F85BE}.Release|Any CPU.Build.0 = Release|Any CPU
		{C99FC472-982B-4000-9BAD-47E6CF5F85BE}.Staging|Any CPU.ActiveCfg = Release|Any CPU
		{C99FC472-982B-4000-9BAD-47E6CF5F85BE}.Staging|Any CPU.Build.0 = Release|Any CPU
	EndGlobalSection
	GlobalSection(SolutionProperties) = preSolution
		HideSolutionNode = FALSE
	EndGlobalSection
	GlobalSection(ExtensibilityGlobals) = postSolution
		SolutionGuid = {469682F4-8A6E-4969-B7A3-648F2AEED134}
	EndGlobalSection
EndGlobal
